
Microsoft Visual Studio Solution File, Format Version 12.00
Project("{FAE04EC0-301F-11D3-BF4B-00C04F79EFBC}") = "CapitalChurch.Address.WebApi", "CapitalChurch.Address.WebApi\CapitalChurch.Address.WebApi.csproj", "{BFD05EC1-551E-47B5-8811-2ED211F960CD}"
EndProject
Project("{2150E333-8FDC-42A3-9474-1A3956D46DE8}") = "0 - Shared", "0 - Shared", "{7451018B-81BB-47D7-B4E0-6B07F4A3CD15}"
EndProject
Project("{2150E333-8FDC-42A3-9474-1A3956D46DE8}") = "1 - Tests", "1 - Tests", "{B6DA78FF-B530-4588-B886-5286ED11DD0C}"
EndProject
Project("{FAE04EC0-301F-11D3-BF4B-00C04F79EFBC}") = "CapitalChurch.Address.IntegrationTests", "CapitalChurch.Address.IntegrationTests\CapitalChurch.Address.IntegrationTests.csproj", "{E10F4BAF-8ABF-43BA-9967-063A30659C2A}"
EndProject
Project("{2150E333-8FDC-42A3-9474-1A3956D46DE8}") = "2 - Data", "2 - Data", "{ABD6982B-8B97-43A6-ADF0-028236E72B87}"
EndProject
Project("{FAE04EC0-301F-11D3-BF4B-00C04F79EFBC}") = "CapitalChurch.Address.Data", "CapitalChurch.Address.Data\CapitalChurch.Address.Data.csproj", "{DDC7CA1F-FDAC-4BA4-8A5D-2C9F27CE3D98}"
EndProject
Project("{2150E333-8FDC-42A3-9474-1A3956D46DE8}") = "3 - Domain", "3 - Domain", "{F78FE24A-9CE2-43CF-8BED-7E3E0F902492}"
EndProject
Project("{FAE04EC0-301F-11D3-BF4B-00C04F79EFBC}") = "CapitalChurch.Address.Domain", "CapitalChurch.Address.Domain\CapitalChurch.Address.Domain.csproj", "{6D8FBA1D-1A67-4DA0-96B6-A7BC963E7F9A}"
EndProject
Project("{FAE04EC0-301F-11D3-BF4B-00C04F79EFBC}") = "CapitalChurch.Address.LearningTests", "CapitalChurch.Address.LearningTests\CapitalChurch.Address.LearningTests.csproj", "{EA18CC0C-3AF3-4763-BE73-9F8608D5732A}"
EndProject
Project("{FAE04EC0-301F-11D3-BF4B-00C04F79EFBC}") = "CapitalChurch.Address.Shared.Contracts", "CapitalChurch.Address.Shared.Contracts\CapitalChurch.Address.Shared.Contracts.csproj", "{83986975-9EBF-4556-AD1C-F8EC80ACF5B5}"
EndProject
Project("{FAE04EC0-301F-11D3-BF4B-00C04F79EFBC}") = "CapitalChurch.Address.Shared", "CapitalChurch.Address.Shared\CapitalChurch.Address.Shared.csproj", "{C5BF6B0E-7685-4BFE-98B5-B0DE29CDDD4D}"
EndProject
Project("{2150E333-8FDC-42A3-9474-1A3956D46DE8}") = "4 - Business", "4 - Business", "{ED870354-F5DD-41EC-9F77-6821B2FD3853}"
EndProject
Project("{FAE04EC0-301F-11D3-BF4B-00C04F79EFBC}") = "CapitalChurch.Address.Business", "CapitalChurch.Address.Business\CapitalChurch.Address.Business.csproj", "{BA5ECB2D-5094-4403-A063-A2D90D9304B8}"
EndProject
Global
	GlobalSection(SolutionConfigurationPlatforms) = preSolution
		Debug|Any CPU = Debug|Any CPU
		Release|Any CPU = Release|Any CPU
	EndGlobalSection
	GlobalSection(ProjectConfigurationPlatforms) = postSolution
		{BFD05EC1-551E-47B5-8811-2ED211F960CD}.Debug|Any CPU.ActiveCfg = Debug|Any CPU
		{BFD05EC1-551E-47B5-8811-2ED211F960CD}.Debug|Any CPU.Build.0 = Debug|Any CPU
		{BFD05EC1-551E-47B5-8811-2ED211F960CD}.Release|Any CPU.ActiveCfg = Release|Any CPU
		{BFD05EC1-551E-47B5-8811-2ED211F960CD}.Release|Any CPU.Build.0 = Release|Any CPU
		{E10F4BAF-8ABF-43BA-9967-063A30659C2A}.Debug|Any CPU.ActiveCfg = Debug|Any CPU
		{E10F4BAF-8ABF-43BA-9967-063A30659C2A}.Debug|Any CPU.Build.0 = Debug|Any CPU
		{E10F4BAF-8ABF-43BA-9967-063A30659C2A}.Release|Any CPU.ActiveCfg = Release|Any CPU
		{E10F4BAF-8ABF-43BA-9967-063A30659C2A}.Release|Any CPU.Build.0 = Release|Any CPU
		{DDC7CA1F-FDAC-4BA4-8A5D-2C9F27CE3D98}.Debug|Any CPU.ActiveCfg = Debug|Any CPU
		{DDC7CA1F-FDAC-4BA4-8A5D-2C9F27CE3D98}.Debug|Any CPU.Build.0 = Debug|Any CPU
		{DDC7CA1F-FDAC-4BA4-8A5D-2C9F27CE3D98}.Release|Any CPU.ActiveCfg = Release|Any CPU
		{DDC7CA1F-FDAC-4BA4-8A5D-2C9F27CE3D98}.Release|Any CPU.Build.0 = Release|Any CPU
		{6D8FBA1D-1A67-4DA0-96B6-A7BC963E7F9A}.Debug|Any CPU.ActiveCfg = Debug|Any CPU
		{6D8FBA1D-1A67-4DA0-96B6-A7BC963E7F9A}.Debug|Any CPU.Build.0 = Debug|Any CPU
		{6D8FBA1D-1A67-4DA0-96B6-A7BC963E7F9A}.Release|Any CPU.ActiveCfg = Release|Any CPU
		{6D8FBA1D-1A67-4DA0-96B6-A7BC963E7F9A}.Release|Any CPU.Build.0 = Release|Any CPU
		{EA18CC0C-3AF3-4763-BE73-9F8608D5732A}.Debug|Any CPU.ActiveCfg = Debug|Any CPU
		{EA18CC0C-3AF3-4763-BE73-9F8608D5732A}.Debug|Any CPU.Build.0 = Debug|Any CPU
		{EA18CC0C-3AF3-4763-BE73-9F8608D5732A}.Release|Any CPU.ActiveCfg = Release|Any CPU
		{EA18CC0C-3AF3-4763-BE73-9F8608D5732A}.Release|Any CPU.Build.0 = Release|Any CPU
		{83986975-9EBF-4556-AD1C-F8EC80ACF5B5}.Debug|Any CPU.ActiveCfg = Debug|Any CPU
		{83986975-9EBF-4556-AD1C-F8EC80ACF5B5}.Debug|Any CPU.Build.0 = Debug|Any CPU
		{83986975-9EBF-4556-AD1C-F8EC80ACF5B5}.Release|Any CPU.ActiveCfg = Release|Any CPU
		{83986975-9EBF-4556-AD1C-F8EC80ACF5B5}.Release|Any CPU.Build.0 = Release|Any CPU
		{C5BF6B0E-7685-4BFE-98B5-B0DE29CDDD4D}.Debug|Any CPU.ActiveCfg = Debug|Any CPU
		{C5BF6B0E-7685-4BFE-98B5-B0DE29CDDD4D}.Debug|Any CPU.Build.0 = Debug|Any CPU
		{C5BF6B0E-7685-4BFE-98B5-B0DE29CDDD4D}.Release|Any CPU.ActiveCfg = Release|Any CPU
		{C5BF6B0E-7685-4BFE-98B5-B0DE29CDDD4D}.Release|Any CPU.Build.0 = Release|Any CPU
		{BA5ECB2D-5094-4403-A063-A2D90D9304B8}.Debug|Any CPU.ActiveCfg = Debug|Any CPU
		{BA5ECB2D-5094-4403-A063-A2D90D9304B8}.Debug|Any CPU.Build.0 = Debug|Any CPU
		{BA5ECB2D-5094-4403-A063-A2D90D9304B8}.Release|Any CPU.ActiveCfg = Release|Any CPU
		{BA5ECB2D-5094-4403-A063-A2D90D9304B8}.Release|Any CPU.Build.0 = Release|Any CPU
	EndGlobalSection
	GlobalSection(NestedProjects) = preSolution
		{E10F4BAF-8ABF-43BA-9967-063A30659C2A} = {B6DA78FF-B530-4588-B886-5286ED11DD0C}
		{DDC7CA1F-FDAC-4BA4-8A5D-2C9F27CE3D98} = {ABD6982B-8B97-43A6-ADF0-028236E72B87}
		{6D8FBA1D-1A67-4DA0-96B6-A7BC963E7F9A} = {F78FE24A-9CE2-43CF-8BED-7E3E0F902492}
		{EA18CC0C-3AF3-4763-BE73-9F8608D5732A} = {B6DA78FF-B530-4588-B886-5286ED11DD0C}
		{83986975-9EBF-4556-AD1C-F8EC80ACF5B5} = {7451018B-81BB-47D7-B4E0-6B07F4A3CD15}
		{C5BF6B0E-7685-4BFE-98B5-B0DE29CDDD4D} = {7451018B-81BB-47D7-B4E0-6B07F4A3CD15}
		{BA5ECB2D-5094-4403-A063-A2D90D9304B8} = {ED870354-F5DD-41EC-9F77-6821B2FD3853}
	EndGlobalSection
EndGlobal
